// !$*UTF8*$!
{
	archiveVersion = 1;
	classes = {
	};
	objectVersion = 46;
	objects = {

/* Begin PBXBuildFile section */
		BB2C6D3EAE5DBA2A8185446B /* libPods-twitter.a in Frameworks */ = {isa = PBXBuildFile; fileRef = C370A405841CE066C16F1CB4 /* libPods-twitter.a */; };
		E4588B3A34F2BA638BFA8E7C /* libPods.a in Frameworks */ = {isa = PBXBuildFile; fileRef = A2786DBF12A0E326B6139811 /* libPods.a */; };
		FE197D451BC088F100E6F4D4 /* AppDelegate.swift in Sources */ = {isa = PBXBuildFile; fileRef = FE197D441BC088F100E6F4D4 /* AppDelegate.swift */; };
		FE197D471BC088F100E6F4D4 /* ViewController.swift in Sources */ = {isa = PBXBuildFile; fileRef = FE197D461BC088F100E6F4D4 /* ViewController.swift */; };
		FE197D4A1BC088F100E6F4D4 /* Main.storyboard in Resources */ = {isa = PBXBuildFile; fileRef = FE197D481BC088F100E6F4D4 /* Main.storyboard */; };
		FE197D4C1BC088F100E6F4D4 /* Assets.xcassets in Resources */ = {isa = PBXBuildFile; fileRef = FE197D4B1BC088F100E6F4D4 /* Assets.xcassets */; };
		FE197D4F1BC088F100E6F4D4 /* LaunchScreen.storyboard in Resources */ = {isa = PBXBuildFile; fileRef = FE197D4D1BC088F100E6F4D4 /* LaunchScreen.storyboard */; };
		FE3298081BC0A18E00164739 /* TwitterClient.swift in Sources */ = {isa = PBXBuildFile; fileRef = FE3298071BC0A18E00164739 /* TwitterClient.swift */; settings = {ASSET_TAGS = (); }; };
		FE32980B1BC0BC5400164739 /* Tweet.swift in Sources */ = {isa = PBXBuildFile; fileRef = FE32980A1BC0BC5400164739 /* Tweet.swift */; settings = {ASSET_TAGS = (); }; };
		FE32980D1BC0BC8E00164739 /* User.swift in Sources */ = {isa = PBXBuildFile; fileRef = FE32980C1BC0BC8E00164739 /* User.swift */; settings = {ASSET_TAGS = (); }; };
		FE32980F1BC1073800164739 /* TweetsViewController.swift in Sources */ = {isa = PBXBuildFile; fileRef = FE32980E1BC1073800164739 /* TweetsViewController.swift */; settings = {ASSET_TAGS = (); }; };
		FE3298151BC1178100164739 /* TweetTableViewCell.swift in Sources */ = {isa = PBXBuildFile; fileRef = FE3298141BC1178100164739 /* TweetTableViewCell.swift */; settings = {ASSET_TAGS = (); }; };
/* End PBXBuildFile section */

/* Begin PBXFileReference section */
		67ADF715CFBCC3796E960C8C /* Pods.release.xcconfig */ = {isa = PBXFileReference; includeInIndex = 1; lastKnownFileType = text.xcconfig; name = Pods.release.xcconfig; path = "Pods/Target Support Files/Pods/Pods.release.xcconfig"; sourceTree = "<group>"; };
		96C04F51295C7CD4993B27F3 /* Pods.debug.xcconfig */ = {isa = PBXFileReference; includeInIndex = 1; lastKnownFileType = text.xcconfig; name = Pods.debug.xcconfig; path = "Pods/Target Support Files/Pods/Pods.debug.xcconfig"; sourceTree = "<group>"; };
		A2786DBF12A0E326B6139811 /* libPods.a */ = {isa = PBXFileReference; explicitFileType = archive.ar; includeInIndex = 0; path = libPods.a; sourceTree = BUILT_PRODUCTS_DIR; };
		C370A405841CE066C16F1CB4 /* libPods-twitter.a */ = {isa = PBXFileReference; explicitFileType = archive.ar; includeInIndex = 0; path = "libPods-twitter.a"; sourceTree = BUILT_PRODUCTS_DIR; };
		FE197D411BC088F100E6F4D4 /* twitter.app */ = {isa = PBXFileReference; explicitFileType = wrapper.application; includeInIndex = 0; path = twitter.app; sourceTree = BUILT_PRODUCTS_DIR; };
		FE197D441BC088F100E6F4D4 /* AppDelegate.swift */ = {isa = PBXFileReference; lastKnownFileType = sourcecode.swift; path = AppDelegate.swift; sourceTree = "<group>"; };
		FE197D461BC088F100E6F4D4 /* ViewController.swift */ = {isa = PBXFileReference; lastKnownFileType = sourcecode.swift; path = ViewController.swift; sourceTree = "<group>"; };
		FE197D491BC088F100E6F4D4 /* Base */ = {isa = PBXFileReference; lastKnownFileType = file.storyboard; name = Base; path = Base.lproj/Main.storyboard; sourceTree = "<group>"; };
		FE197D4B1BC088F100E6F4D4 /* Assets.xcassets */ = {isa = PBXFileReference; lastKnownFileType = folder.assetcatalog; path = Assets.xcassets; sourceTree = "<group>"; };
		FE197D4E1BC088F100E6F4D4 /* Base */ = {isa = PBXFileReference; lastKnownFileType = file.storyboard; name = Base; path = Base.lproj/LaunchScreen.storyboard; sourceTree = "<group>"; };
		FE197D501BC088F100E6F4D4 /* Info.plist */ = {isa = PBXFileReference; lastKnownFileType = text.plist.xml; path = Info.plist; sourceTree = "<group>"; };
		FE3298011BC0A0F300164739 /* twitter-Bridging-Header.h */ = {isa = PBXFileReference; lastKnownFileType = sourcecode.c.h; path = "twitter-Bridging-Header.h"; sourceTree = "<group>"; };
		FE3298071BC0A18E00164739 /* TwitterClient.swift */ = {isa = PBXFileReference; fileEncoding = 4; lastKnownFileType = sourcecode.swift; path = TwitterClient.swift; sourceTree = "<group>"; };
		FE32980A1BC0BC5400164739 /* Tweet.swift */ = {isa = PBXFileReference; fileEncoding = 4; lastKnownFileType = sourcecode.swift; path = Tweet.swift; sourceTree = "<group>"; };
		FE32980C1BC0BC8E00164739 /* User.swift */ = {isa = PBXFileReference; fileEncoding = 4; lastKnownFileType = sourcecode.swift; path = User.swift; sourceTree = "<group>"; };
		FE32980E1BC1073800164739 /* TweetsViewController.swift */ = {isa = PBXFileReference; fileEncoding = 4; lastKnownFileType = sourcecode.swift; path = TweetsViewController.swift; sourceTree = "<group>"; };
		FE3298141BC1178100164739 /* TweetTableViewCell.swift */ = {isa = PBXFileReference; fileEncoding = 4; lastKnownFileType = sourcecode.swift; path = TweetTableViewCell.swift; sourceTree = "<group>"; };
/* End PBXFileReference section */

/* Begin PBXFrameworksBuildPhase section */
		FE197D3E1BC088F100E6F4D4 /* Frameworks */ = {
			isa = PBXFrameworksBuildPhase;
			buildActionMask = 2147483647;
			files = (
				BB2C6D3EAE5DBA2A8185446B /* libPods-twitter.a in Frameworks */,
				E4588B3A34F2BA638BFA8E7C /* libPods.a in Frameworks */,
			);
			runOnlyForDeploymentPostprocessing = 0;
		};
/* End PBXFrameworksBuildPhase section */

/* Begin PBXGroup section */
		272C1ABD263BBAB1F4C5F675 /* Pods */ = {
			isa = PBXGroup;
			children = (
				96C04F51295C7CD4993B27F3 /* Pods.debug.xcconfig */,
				67ADF715CFBCC3796E960C8C /* Pods.release.xcconfig */,
			);
			name = Pods;
			sourceTree = "<group>";
		};
		D82C0F1617591DE457F3AA88 /* Frameworks */ = {
			isa = PBXGroup;
			children = (
				C370A405841CE066C16F1CB4 /* libPods-twitter.a */,
				A2786DBF12A0E326B6139811 /* libPods.a */,
			);
			name = Frameworks;
			sourceTree = "<group>";
		};
		FE197D381BC088F100E6F4D4 = {
			isa = PBXGroup;
			children = (
				FE197D431BC088F100E6F4D4 /* twitter */,
				FE197D421BC088F100E6F4D4 /* Products */,
				272C1ABD263BBAB1F4C5F675 /* Pods */,
				D82C0F1617591DE457F3AA88 /* Frameworks */,
			);
			sourceTree = "<group>";
		};
		FE197D421BC088F100E6F4D4 /* Products */ = {
			isa = PBXGroup;
			children = (
				FE197D411BC088F100E6F4D4 /* twitter.app */,
			);
			name = Products;
			sourceTree = "<group>";
		};
		FE197D431BC088F100E6F4D4 /* twitter */ = {
			isa = PBXGroup;
			children = (
				FE3298091BC0BC2800164739 /* Models */,
				FE3298041BC0A13D00164739 /* API */,
				FE197D441BC088F100E6F4D4 /* AppDelegate.swift */,
				FE197D461BC088F100E6F4D4 /* ViewController.swift */,
				FE32980E1BC1073800164739 /* TweetsViewController.swift */,
				FE3298141BC1178100164739 /* TweetTableViewCell.swift */,
				FE197D481BC088F100E6F4D4 /* Main.storyboard */,
				FE197D4B1BC088F100E6F4D4 /* Assets.xcassets */,
				FE197D4D1BC088F100E6F4D4 /* LaunchScreen.storyboard */,
				FE197D501BC088F100E6F4D4 /* Info.plist */,
				FE3298011BC0A0F300164739 /* twitter-Bridging-Header.h */,
			);
			path = twitter;
			sourceTree = "<group>";
		};
		FE3298041BC0A13D00164739 /* API */ = {
			isa = PBXGroup;
			children = (
				FE3298071BC0A18E00164739 /* TwitterClient.swift */,
			);
			name = API;
			sourceTree = "<group>";
		};
		FE3298091BC0BC2800164739 /* Models */ = {
			isa = PBXGroup;
			children = (
				FE32980C1BC0BC8E00164739 /* User.swift */,
				FE32980A1BC0BC5400164739 /* Tweet.swift */,
			);
			name = Models;
			sourceTree = "<group>";
		};
/* End PBXGroup section */

/* Begin PBXNativeTarget section */
		FE197D401BC088F100E6F4D4 /* twitter */ = {
			isa = PBXNativeTarget;
			buildConfigurationList = FE197D531BC088F100E6F4D4 /* Build configuration list for PBXNativeTarget "twitter" */;
			buildPhases = (
				ADD4134F75B469C8A3E909D1 /* Check Pods Manifest.lock */,
				FE197D3D1BC088F100E6F4D4 /* Sources */,
				FE197D3E1BC088F100E6F4D4 /* Frameworks */,
				FE197D3F1BC088F100E6F4D4 /* Resources */,
				0B54D5CFC7042E020EE2C3A2 /* Copy Pods Resources */,
			);
			buildRules = (
			);
			dependencies = (
			);
			name = twitter;
			productName = twitter;
			productReference = FE197D411BC088F100E6F4D4 /* twitter.app */;
			productType = "com.apple.product-type.application";
		};
/* End PBXNativeTarget section */

/* Begin PBXProject section */
		FE197D391BC088F100E6F4D4 /* Project object */ = {
			isa = PBXProject;
			attributes = {
				LastSwiftUpdateCheck = 0700;
				LastUpgradeCheck = 0700;
				ORGANIZATIONNAME = Optimizely;
				TargetAttributes = {
					FE197D401BC088F100E6F4D4 = {
						CreatedOnToolsVersion = 7.0;
					};
				};
			};
			buildConfigurationList = FE197D3C1BC088F100E6F4D4 /* Build configuration list for PBXProject "twitter" */;
			compatibilityVersion = "Xcode 3.2";
			developmentRegion = English;
			hasScannedForEncodings = 0;
			knownRegions = (
				en,
				Base,
			);
			mainGroup = FE197D381BC088F100E6F4D4;
			productRefGroup = FE197D421BC088F100E6F4D4 /* Products */;
			projectDirPath = "";
			projectRoot = "";
			targets = (
				FE197D401BC088F100E6F4D4 /* twitter */,
			);
		};
/* End PBXProject section */

/* Begin PBXResourcesBuildPhase section */
		FE197D3F1BC088F100E6F4D4 /* Resources */ = {
			isa = PBXResourcesBuildPhase;
			buildActionMask = 2147483647;
			files = (
				FE197D4F1BC088F100E6F4D4 /* LaunchScreen.storyboard in Resources */,
				FE197D4C1BC088F100E6F4D4 /* Assets.xcassets in Resources */,
				FE197D4A1BC088F100E6F4D4 /* Main.storyboard in Resources */,
			);
			runOnlyForDeploymentPostprocessing = 0;
		};
/* End PBXResourcesBuildPhase section */

/* Begin PBXShellScriptBuildPhase section */
		0B54D5CFC7042E020EE2C3A2 /* Copy Pods Resources */ = {
			isa = PBXShellScriptBuildPhase;
			buildActionMask = 2147483647;
			files = (
			);
			inputPaths = (
			);
			name = "Copy Pods Resources";
			outputPaths = (
			);
			runOnlyForDeploymentPostprocessing = 0;
			shellPath = /bin/sh;
			shellScript = "\"${SRCROOT}/Pods/Target Support Files/Pods/Pods-resources.sh\"\n";
			showEnvVarsInLog = 0;
		};
		ADD4134F75B469C8A3E909D1 /* Check Pods Manifest.lock */ = {
			isa = PBXShellScriptBuildPhase;
			buildActionMask = 2147483647;
			files = (
			);
			inputPaths = (
			);
			name = "Check Pods Manifest.lock";
			outputPaths = (
			);
			runOnlyForDeploymentPostprocessing = 0;
			shellPath = /bin/sh;
			shellScript = "diff \"${PODS_ROOT}/../Podfile.lock\" \"${PODS_ROOT}/Manifest.lock\" > /dev/null\nif [[ $? != 0 ]] ; then\n    cat << EOM\nerror: The sandbox is not in sync with the Podfile.lock. Run 'pod install' or update your CocoaPods installation.\nEOM\n    exit 1\nfi\n";
			showEnvVarsInLog = 0;
		};
/* End PBXShellScriptBuildPhase section */

/* Begin PBXSourcesBuildPhase section */
		FE197D3D1BC088F100E6F4D4 /* Sources */ = {
			isa = PBXSourcesBuildPhase;
			buildActionMask = 2147483647;
			files = (
				FE197D471BC088F100E6F4D4 /* ViewController.swift in Sources */,
				FE3298081BC0A18E00164739 /* TwitterClient.swift in Sources */,
				FE32980F1BC1073800164739 /* TweetsViewController.swift in Sources */,
				FE197D451BC088F100E6F4D4 /* AppDelegate.swift in Sources */,
				FE32980D1BC0BC8E00164739 /* User.swift in Sources */,
				FE32980B1BC0BC5400164739 /* Tweet.swift in Sources */,
				FE3298151BC1178100164739 /* TweetTableViewCell.swift in Sources */,
			);
			runOnlyForDeploymentPostprocessing = 0;
		};
/* End PBXSourcesBuildPhase section */

/* Begin PBXVariantGroup section */
		FE197D481BC088F100E6F4D4 /* Main.storyboard */ = {
			isa = PBXVariantGroup;
			children = (
				FE197D491BC088F100E6F4D4 /* Base */,
			);
			name = Main.storyboard;
			sourceTree = "<group>";
		};
		FE197D4D1BC088F100E6F4D4 /* LaunchScreen.storyboard */ = {
			isa = PBXVariantGroup;
			children = (
				FE197D4E1BC088F100E6F4D4 /* Base */,
			);
			name = LaunchScreen.storyboard;
			sourceTree = "<group>";
		};
/* End PBXVariantGroup section */

/* Begin XCBuildConfiguration section */
		FE197D511BC088F100E6F4D4 /* Debug */ = {
			isa = XCBuildConfiguration;
			buildSettings = {
				ALWAYS_SEARCH_USER_PATHS = NO;
				CLANG_CXX_LANGUAGE_STANDARD = "gnu++0x";
				CLANG_CXX_LIBRARY = "libc++";
				CLANG_ENABLE_MODULES = YES;
				CLANG_ENABLE_OBJC_ARC = YES;
				CLANG_WARN_BOOL_CONVERSION = YES;
				CLANG_WARN_CONSTANT_CONVERSION = YES;
				CLANG_WARN_DIRECT_OBJC_ISA_USAGE = YES_ERROR;
				CLANG_WARN_EMPTY_BODY = YES;
				CLANG_WARN_ENUM_CONVERSION = YES;
				CLANG_WARN_INT_CONVERSION = YES;
				CLANG_WARN_OBJC_ROOT_CLASS = YES_ERROR;
				CLANG_WARN_UNREACHABLE_CODE = YES;
				CLANG_WARN__DUPLICATE_METHOD_MATCH = YES;
				"CODE_SIGN_IDENTITY[sdk=iphoneos*]" = "iPhone Developer";
				COPY_PHASE_STRIP = NO;
				DEBUG_INFORMATION_FORMAT = dwarf;
				ENABLE_STRICT_OBJC_MSGSEND = YES;
				ENABLE_TESTABILITY = YES;
				GCC_C_LANGUAGE_STANDARD = gnu99;
				GCC_DYNAMIC_NO_PIC = NO;
				GCC_NO_COMMON_BLOCKS = YES;
				GCC_OPTIMIZATION_LEVEL = 0;
				GCC_PREPROCESSOR_DEFINITIONS = (
					"DEBUG=1",
					"$(inherited)",
				);
				GCC_WARN_64_TO_32_BIT_CONVERSION = YES;
				GCC_WARN_ABOUT_RETURN_TYPE = YES_ERROR;
				GCC_WARN_UNDECLARED_SELECTOR = YES;
				GCC_WARN_UNINITIALIZED_AUTOS = YES_AGGRESSIVE;
				GCC_WARN_UNUSED_FUNCTION = YES;
				GCC_WARN_UNUSED_VARIABLE = YES;
				IPHONEOS_DEPLOYMENT_TARGET = 9.0;
				MTL_ENABLE_DEBUG_INFO = YES;
				ONLY_ACTIVE_ARCH = YES;
				SDKROOT = iphoneos;
				SWIFT_OPTIMIZATION_LEVEL = "-Onone";
			};
			name = Debug;
		};
		FE197D521BC088F100E6F4D4 /* Release */ = {
			isa = XCBuildConfiguration;
			buildSettings = {
				ALWAYS_SEARCH_USER_PATHS = NO;
				CLANG_CXX_LANGUAGE_STANDARD = "gnu++0x";
				CLANG_CXX_LIBRARY = "libc++";
				CLANG_ENABLE_MODULES = YES;
				CLANG_ENABLE_OBJC_ARC = YES;
				CLANG_WARN_BOOL_CONVERSION = YES;
				CLANG_WARN_CONSTANT_CONVERSION = YES;
				CLANG_WARN_DIRECT_OBJC_ISA_USAGE = YES_ERROR;
				CLANG_WARN_EMPTY_BODY = YES;
				CLANG_WARN_ENUM_CONVERSION = YES;
				CLANG_WARN_INT_CONVERSION = YES;
				CLANG_WARN_OBJC_ROOT_CLASS = YES_ERROR;
				CLANG_WARN_UNREACHABLE_CODE = YES;
				CLANG_WARN__DUPLICATE_METHOD_MATCH = YES;
				"CODE_SIGN_IDENTITY[sdk=iphoneos*]" = "iPhone Developer";
				COPY_PHASE_STRIP = NO;
				DEBUG_INFORMATION_FORMAT = "dwarf-with-dsym";
				ENABLE_NS_ASSERTIONS = NO;
				ENABLE_STRICT_OBJC_MSGSEND = YES;
				GCC_C_LANGUAGE_STANDARD = gnu99;
				GCC_NO_COMMON_BLOCKS = YES;
				GCC_WARN_64_TO_32_BIT_CONVERSION = YES;
				GCC_WARN_ABOUT_RETURN_TYPE = YES_ERROR;
				GCC_WARN_UNDECLARED_SELECTOR = YES;
				GCC_WARN_UNINITIALIZED_AUTOS = YES_AGGRESSIVE;
				GCC_WARN_UNUSED_FUNCTION = YES;
				GCC_WARN_UNUSED_VARIABLE = YES;
				IPHONEOS_DEPLOYMENT_TARGET = 9.0;
				MTL_ENABLE_DEBUG_INFO = NO;
				SDKROOT = iphoneos;
				VALIDATE_PRODUCT = YES;
			};
			name = Release;
		};
		FE197D541BC088F100E6F4D4 /* Debug */ = {
			isa = XCBuildConfiguration;
			baseConfigurationReference = 96C04F51295C7CD4993B27F3 /* Pods.debug.xcconfig */;
			buildSettings = {
				ASSETCATALOG_COMPILER_APPICON_NAME = AppIcon;
				CLANG_ENABLE_MODULES = YES;
				INFOPLIST_FILE = twitter/Info.plist;
				LD_RUNPATH_SEARCH_PATHS = "$(inherited) @executable_path/Frameworks";
				PRODUCT_BUNDLE_IDENTIFIER = com.optimizely.twitter;
				PRODUCT_NAME = "$(TARGET_NAME)";
				SWIFT_OBJC_BRIDGING_HEADER = "twitter/twitter-Bridging-Header.h";
				SWIFT_OPTIMIZATION_LEVEL = "-Onone";
			};
			name = Debug;
		};
		FE197D551BC088F100E6F4D4 /* Release */ = {
			isa = XCBuildConfiguration;
			baseConfigurationReference = 67ADF715CFBCC3796E960C8C /* Pods.release.xcconfig */;
			buildSettings = {
				ASSETCATALOG_COMPILER_APPICON_NAME = AppIcon;
				CLANG_ENABLE_MODULES = YES;
				INFOPLIST_FILE = twitter/Info.plist;
				LD_RUNPATH_SEARCH_PATHS = "$(inherited) @executable_path/Frameworks";
				PRODUCT_BUNDLE_IDENTIFIER = com.optimizely.twitter;
				PRODUCT_NAME = "$(TARGET_NAME)";
				SWIFT_OBJC_BRIDGING_HEADER = "twitter/twitter-Bridging-Header.h";
			};
			name = Release;
		};
/* End XCBuildConfiguration section */

/* Begin XCConfigurationList section */
		FE197D3C1BC088F100E6F4D4 /* Build configuration list for PBXProject "twitter" */ = {
			isa = XCConfigurationList;
			buildConfigurations = (
				FE197D511BC088F100E6F4D4 /* Debug */,
				FE197D521BC088F100E6F4D4 /* Release */,
			);
			defaultConfigurationIsVisible = 0;
			defaultConfigurationName = Release;
		};
		FE197D531BC088F100E6F4D4 /* Build configuration list for PBXNativeTarget "twitter" */ = {
			isa = XCConfigurationList;
			buildConfigurations = (
				FE197D541BC088F100E6F4D4 /* Debug */,
				FE197D551BC088F100E6F4D4 /* Release */,
			);
			defaultConfigurationIsVisible = 0;
			defaultConfigurationName = Release;
		};
/* End XCConfigurationList section */
	};
	rootObject = FE197D391BC088F100E6F4D4 /* Project object */;
}
